
Microsoft Visual Studio Solution File, Format Version 12.00
# Visual Studio Version 17
VisualStudioVersion = 17.3.32929.385
MinimumVisualStudioVersion = 10.0.40219.1
Project("{FAE04EC0-301F-11D3-BF4B-00C04F79EFBC}") = "CanteenManagementSystem", "CanteenManagementSystem.csproj", "{31F847B0-137A-427D-AFAF-2F794C96595D}"
EndProject
Global
	GlobalSection(SolutionConfigurationPlatforms) = preSolution
		Debug|Any CPU = Debug|Any CPU
		Release|Any CPU = Release|Any CPU
	EndGlobalSection
	GlobalSection(ProjectConfigurationPlatforms) = postSolution
		{31F847B0-137A-427D-AFAF-2F794C96595D}.Debug|Any CPU.ActiveCfg = Debug|Any CPU
		{31F847B0-137A-427D-AFAF-2F794C96595D}.Debug|Any CPU.Build.0 = Debug|Any CPU
		{31F847B0-137A-427D-AFAF-2F794C96595D}.Release|Any CPU.ActiveCfg = Release|Any CPU
		{31F847B0-137A-427D-AFAF-2F794C96595D}.Release|Any CPU.Build.0 = Release|Any CPU
	EndGlobalSection
	GlobalSection(SolutionProperties) = preSolution
		HideSolutionNode = FALSE
	EndGlobalSection
	GlobalSection(ExtensibilityGlobals) = postSolution
		SolutionGuid = {B5C36C00-ED15-4DBD-A33A-099530F32EDB}
	EndGlobalSection
EndGlobal
